// !$*UTF8*$!
{
	archiveVersion = 1;
	classes = {
	};
	objectVersion = 46;
	objects = {

/* Begin PBXBuildFile section */
		6009E2461D5119BF006424BD /* AppDelegate.swift in Sources */ = {isa = PBXBuildFile; fileRef = 6009E2441D5119BF006424BD /* AppDelegate.swift */; };
		6009E2471D5119BF006424BD /* ViewController.swift in Sources */ = {isa = PBXBuildFile; fileRef = 6009E2451D5119BF006424BD /* ViewController.swift */; };
		6009E24F1D5119DF006424BD /* LaunchScreen.storyboard in Resources */ = {isa = PBXBuildFile; fileRef = 6009E2491D5119DF006424BD /* LaunchScreen.storyboard */; };
		6009E2501D5119DF006424BD /* Main.storyboard in Resources */ = {isa = PBXBuildFile; fileRef = 6009E24B1D5119DF006424BD /* Main.storyboard */; };
		600E8C8A1D5B759300AFD10E /* DropDownMenuKit.framework in Frameworks */ = {isa = PBXBuildFile; fileRef = 600E8C831D5B759300AFD10E /* DropDownMenuKit.framework */; };
		600E8C8B1D5B759300AFD10E /* DropDownMenuKit.framework in Embed Frameworks */ = {isa = PBXBuildFile; fileRef = 600E8C831D5B759300AFD10E /* DropDownMenuKit.framework */; settings = {ATTRIBUTES = (CodeSignOnCopy, RemoveHeadersOnCopy, ); }; };
		600E8C901D5B76AA00AFD10E /* DropDownMenu.swift in Sources */ = {isa = PBXBuildFile; fileRef = 6009E2401D511955006424BD /* DropDownMenu.swift */; };
		600E8C911D5B76AC00AFD10E /* DropDownTitleView.swift in Sources */ = {isa = PBXBuildFile; fileRef = 6009E2411D511955006424BD /* DropDownTitleView.swift */; };
		600E8C961D5B78B800AFD10E /* DropDownMenu.h in Headers */ = {isa = PBXBuildFile; fileRef = 600E8C941D5B78B800AFD10E /* DropDownMenu.h */; settings = {ATTRIBUTES = (Public, ); }; };
		600E8CA71D5C938900AFD10E /* DropDownMenuCell.swift in Sources */ = {isa = PBXBuildFile; fileRef = 600E8CA51D5C935E00AFD10E /* DropDownMenuCell.swift */; };
		60495BFF1D6C60FE0016987F /* DropDownMenuKit.xcassets in Resources */ = {isa = PBXBuildFile; fileRef = 600E8C921D5B76DD00AFD10E /* DropDownMenuKit.xcassets */; };
		60495C001D6C61A70016987F /* Assets.xcassets in Resources */ = {isa = PBXBuildFile; fileRef = 6009E2481D5119DF006424BD /* Assets.xcassets */; };
/* End PBXBuildFile section */

/* Begin PBXContainerItemProxy section */
		600E8C881D5B759300AFD10E /* PBXContainerItemProxy */ = {
			isa = PBXContainerItemProxy;
			containerPortal = 6009E2221D5117FC006424BD /* Project object */;
			proxyType = 1;
			remoteGlobalIDString = 600E8C821D5B759300AFD10E;
			remoteInfo = DropDownMenu;
		};
/* End PBXContainerItemProxy section */

/* Begin PBXCopyFilesBuildPhase section */
		600E8C8F1D5B759300AFD10E /* Embed Frameworks */ = {
			isa = PBXCopyFilesBuildPhase;
			buildActionMask = 2147483647;
			dstPath = "";
			dstSubfolderSpec = 10;
			files = (
				600E8C8B1D5B759300AFD10E /* DropDownMenuKit.framework in Embed Frameworks */,
			);
			name = "Embed Frameworks";
			runOnlyForDeploymentPostprocessing = 0;
		};
/* End PBXCopyFilesBuildPhase section */

/* Begin PBXFileReference section */
		6009E22A1D5117FC006424BD /* DropDownMenuExample.app */ = {isa = PBXFileReference; explicitFileType = wrapper.application; includeInIndex = 0; path = DropDownMenuExample.app; sourceTree = BUILT_PRODUCTS_DIR; };
		6009E2401D511955006424BD /* DropDownMenu.swift */ = {isa = PBXFileReference; fileEncoding = 4; lastKnownFileType = sourcecode.swift; path = DropDownMenu.swift; sourceTree = SOURCE_ROOT; };
		6009E2411D511955006424BD /* DropDownTitleView.swift */ = {isa = PBXFileReference; fileEncoding = 4; lastKnownFileType = sourcecode.swift; path = DropDownTitleView.swift; sourceTree = SOURCE_ROOT; };
		6009E2441D5119BF006424BD /* AppDelegate.swift */ = {isa = PBXFileReference; fileEncoding = 4; lastKnownFileType = sourcecode.swift; name = AppDelegate.swift; path = Example/AppDelegate.swift; sourceTree = SOURCE_ROOT; };
		6009E2451D5119BF006424BD /* ViewController.swift */ = {isa = PBXFileReference; fileEncoding = 4; lastKnownFileType = sourcecode.swift; name = ViewController.swift; path = Example/ViewController.swift; sourceTree = SOURCE_ROOT; };
		6009E2481D5119DF006424BD /* Assets.xcassets */ = {isa = PBXFileReference; lastKnownFileType = folder.assetcatalog; name = Assets.xcassets; path = Example/Assets.xcassets; sourceTree = SOURCE_ROOT; };
		6009E24A1D5119DF006424BD /* Base */ = {isa = PBXFileReference; lastKnownFileType = file.storyboard; name = Base; path = Example/Base.lproj/LaunchScreen.storyboard; sourceTree = SOURCE_ROOT; };
		6009E24C1D5119DF006424BD /* Base */ = {isa = PBXFileReference; lastKnownFileType = file.storyboard; name = Base; path = Example/Base.lproj/Main.storyboard; sourceTree = SOURCE_ROOT; };
		6009E2521D5119F6006424BD /* Info.plist */ = {isa = PBXFileReference; fileEncoding = 4; lastKnownFileType = text.plist.xml; name = Info.plist; path = Example/Info.plist; sourceTree = SOURCE_ROOT; };
		6009E27A1D522802006424BD /* LICENSE */ = {isa = PBXFileReference; lastKnownFileType = text; path = LICENSE; sourceTree = "<group>"; };
		6009E27B1D522802006424BD /* README.md */ = {isa = PBXFileReference; lastKnownFileType = net.daringfireball.markdown; path = README.md; sourceTree = "<group>"; };
		600E8C831D5B759300AFD10E /* DropDownMenuKit.framework */ = {isa = PBXFileReference; explicitFileType = wrapper.framework; includeInIndex = 0; path = DropDownMenuKit.framework; sourceTree = BUILT_PRODUCTS_DIR; };
		600E8C921D5B76DD00AFD10E /* DropDownMenuKit.xcassets */ = {isa = PBXFileReference; lastKnownFileType = folder.assetcatalog; path = DropDownMenuKit.xcassets; sourceTree = "<group>"; };
		600E8C941D5B78B800AFD10E /* DropDownMenu.h */ = {isa = PBXFileReference; fileEncoding = 4; lastKnownFileType = sourcecode.c.h; path = DropDownMenu.h; sourceTree = "<group>"; };
		600E8C951D5B78B800AFD10E /* Info.plist */ = {isa = PBXFileReference; fileEncoding = 4; lastKnownFileType = text.plist.xml; path = Info.plist; sourceTree = "<group>"; };
		600E8CA21D5C7D1800AFD10E /* TODO.md */ = {isa = PBXFileReference; lastKnownFileType = net.daringfireball.markdown; path = TODO.md; sourceTree = "<group>"; };
		600E8CA51D5C935E00AFD10E /* DropDownMenuCell.swift */ = {isa = PBXFileReference; fileEncoding = 4; lastKnownFileType = sourcecode.swift; path = DropDownMenuCell.swift; sourceTree = "<group>"; };
/* End PBXFileReference section */

/* Begin PBXFrameworksBuildPhase section */
		6009E2271D5117FC006424BD /* Frameworks */ = {
			isa = PBXFrameworksBuildPhase;
			buildActionMask = 2147483647;
			files = (
				600E8C8A1D5B759300AFD10E /* DropDownMenuKit.framework in Frameworks */,
			);
			runOnlyForDeploymentPostprocessing = 0;
		};
		600E8C7F1D5B759300AFD10E /* Frameworks */ = {
			isa = PBXFrameworksBuildPhase;
			buildActionMask = 2147483647;
			files = (
			);
			runOnlyForDeploymentPostprocessing = 0;
		};
/* End PBXFrameworksBuildPhase section */

/* Begin PBXGroup section */
		6009E2211D5117FC006424BD = {
			isa = PBXGroup;
			children = (
				6009E27B1D522802006424BD /* README.md */,
				600E8CA21D5C7D1800AFD10E /* TODO.md */,
				6009E27A1D522802006424BD /* LICENSE */,
				6009E2401D511955006424BD /* DropDownMenu.swift */,
				600E8CA51D5C935E00AFD10E /* DropDownMenuCell.swift */,
				6009E2411D511955006424BD /* DropDownTitleView.swift */,
				600E8C941D5B78B800AFD10E /* DropDownMenu.h */,
				600E8C951D5B78B800AFD10E /* Info.plist */,
				600E8C921D5B76DD00AFD10E /* DropDownMenuKit.xcassets */,
				6009E23F1D511939006424BD /* Example */,
				6009E22B1D5117FC006424BD /* Products */,
			);
			sourceTree = "<group>";
		};
		6009E22B1D5117FC006424BD /* Products */ = {
			isa = PBXGroup;
			children = (
				6009E22A1D5117FC006424BD /* DropDownMenuExample.app */,
				600E8C831D5B759300AFD10E /* DropDownMenuKit.framework */,
			);
			name = Products;
			sourceTree = "<group>";
		};
		6009E23F1D511939006424BD /* Example */ = {
			isa = PBXGroup;
			children = (
				6009E2441D5119BF006424BD /* AppDelegate.swift */,
				6009E2451D5119BF006424BD /* ViewController.swift */,
				6009E2481D5119DF006424BD /* Assets.xcassets */,
				6009E2491D5119DF006424BD /* LaunchScreen.storyboard */,
				6009E24B1D5119DF006424BD /* Main.storyboard */,
				6009E2521D5119F6006424BD /* Info.plist */,
			);
			path = Example;
			sourceTree = "<group>";
		};
/* End PBXGroup section */

/* Begin PBXHeadersBuildPhase section */
		600E8C801D5B759300AFD10E /* Headers */ = {
			isa = PBXHeadersBuildPhase;
			buildActionMask = 2147483647;
			files = (
				600E8C961D5B78B800AFD10E /* DropDownMenu.h in Headers */,
			);
			runOnlyForDeploymentPostprocessing = 0;
		};
/* End PBXHeadersBuildPhase section */

/* Begin PBXNativeTarget section */
		6009E2291D5117FC006424BD /* DropDownMenuExample */ = {
			isa = PBXNativeTarget;
			buildConfigurationList = 6009E23C1D5117FC006424BD /* Build configuration list for PBXNativeTarget "DropDownMenuExample" */;
			buildPhases = (
				6009E2261D5117FC006424BD /* Sources */,
				6009E2271D5117FC006424BD /* Frameworks */,
				6009E2281D5117FC006424BD /* Resources */,
				600E8C8F1D5B759300AFD10E /* Embed Frameworks */,
			);
			buildRules = (
			);
			dependencies = (
				600E8C891D5B759300AFD10E /* PBXTargetDependency */,
			);
			name = DropDownMenuExample;
			productName = DropDownMenu;
			productReference = 6009E22A1D5117FC006424BD /* DropDownMenuExample.app */;
			productType = "com.apple.product-type.application";
		};
		600E8C821D5B759300AFD10E /* DropDownMenuKit */ = {
			isa = PBXNativeTarget;
			buildConfigurationList = 600E8C8C1D5B759300AFD10E /* Build configuration list for PBXNativeTarget "DropDownMenuKit" */;
			buildPhases = (
				600E8C7E1D5B759300AFD10E /* Sources */,
				600E8C7F1D5B759300AFD10E /* Frameworks */,
				600E8C801D5B759300AFD10E /* Headers */,
				600E8C811D5B759300AFD10E /* Resources */,
			);
			buildRules = (
			);
			dependencies = (
			);
			name = DropDownMenuKit;
			productName = DropDownMenu;
			productReference = 600E8C831D5B759300AFD10E /* DropDownMenuKit.framework */;
			productType = "com.apple.product-type.framework";
		};
/* End PBXNativeTarget section */

/* Begin PBXProject section */
		6009E2221D5117FC006424BD /* Project object */ = {
			isa = PBXProject;
			attributes = {
				LastSwiftUpdateCheck = 0730;
				LastUpgradeCheck = 0730;
				ORGANIZATIONNAME = "Quentin Mathé";
				TargetAttributes = {
					6009E2291D5117FC006424BD = {
						CreatedOnToolsVersion = 7.3;
					};
					600E8C821D5B759300AFD10E = {
						CreatedOnToolsVersion = 7.3;
					};
				};
			};
			buildConfigurationList = 6009E2251D5117FC006424BD /* Build configuration list for PBXProject "DropDownMenuKit" */;
			compatibilityVersion = "Xcode 3.2";
			developmentRegion = English;
			hasScannedForEncodings = 0;
			knownRegions = (
				en,
				Base,
			);
			mainGroup = 6009E2211D5117FC006424BD;
			productRefGroup = 6009E22B1D5117FC006424BD /* Products */;
			projectDirPath = "";
			projectRoot = "";
			targets = (
				6009E2291D5117FC006424BD /* DropDownMenuExample */,
				600E8C821D5B759300AFD10E /* DropDownMenuKit */,
			);
		};
/* End PBXProject section */

/* Begin PBXResourcesBuildPhase section */
		6009E2281D5117FC006424BD /* Resources */ = {
			isa = PBXResourcesBuildPhase;
			buildActionMask = 2147483647;
			files = (
				60495C001D6C61A70016987F /* Assets.xcassets in Resources */,
				6009E2501D5119DF006424BD /* Main.storyboard in Resources */,
				6009E24F1D5119DF006424BD /* LaunchScreen.storyboard in Resources */,
			);
			runOnlyForDeploymentPostprocessing = 0;
		};
		600E8C811D5B759300AFD10E /* Resources */ = {
			isa = PBXResourcesBuildPhase;
			buildActionMask = 2147483647;
			files = (
				60495BFF1D6C60FE0016987F /* DropDownMenuKit.xcassets in Resources */,
			);
			runOnlyForDeploymentPostprocessing = 0;
		};
/* End PBXResourcesBuildPhase section */

/* Begin PBXSourcesBuildPhase section */
		6009E2261D5117FC006424BD /* Sources */ = {
			isa = PBXSourcesBuildPhase;
			buildActionMask = 2147483647;
			files = (
				6009E2461D5119BF006424BD /* AppDelegate.swift in Sources */,
				6009E2471D5119BF006424BD /* ViewController.swift in Sources */,
			);
			runOnlyForDeploymentPostprocessing = 0;
		};
		600E8C7E1D5B759300AFD10E /* Sources */ = {
			isa = PBXSourcesBuildPhase;
			buildActionMask = 2147483647;
			files = (
				600E8CA71D5C938900AFD10E /* DropDownMenuCell.swift in Sources */,
				600E8C911D5B76AC00AFD10E /* DropDownTitleView.swift in Sources */,
				600E8C901D5B76AA00AFD10E /* DropDownMenu.swift in Sources */,
			);
			runOnlyForDeploymentPostprocessing = 0;
		};
/* End PBXSourcesBuildPhase section */

/* Begin PBXTargetDependency section */
		600E8C891D5B759300AFD10E /* PBXTargetDependency */ = {
			isa = PBXTargetDependency;
			target = 600E8C821D5B759300AFD10E /* DropDownMenuKit */;
			targetProxy = 600E8C881D5B759300AFD10E /* PBXContainerItemProxy */;
		};
/* End PBXTargetDependency section */

/* Begin PBXVariantGroup section */
		6009E2491D5119DF006424BD /* LaunchScreen.storyboard */ = {
			isa = PBXVariantGroup;
			children = (
				6009E24A1D5119DF006424BD /* Base */,
			);
			name = LaunchScreen.storyboard;
			sourceTree = "<group>";
		};
		6009E24B1D5119DF006424BD /* Main.storyboard */ = {
			isa = PBXVariantGroup;
			children = (
				6009E24C1D5119DF006424BD /* Base */,
			);
			name = Main.storyboard;
			sourceTree = "<group>";
		};
/* End PBXVariantGroup section */

/* Begin XCBuildConfiguration section */
		6009E23A1D5117FC006424BD /* Debug */ = {
			isa = XCBuildConfiguration;
			buildSettings = {
				ALWAYS_SEARCH_USER_PATHS = NO;
				CLANG_ANALYZER_NONNULL = YES;
				CLANG_CXX_LANGUAGE_STANDARD = "gnu++0x";
				CLANG_CXX_LIBRARY = "libc++";
				CLANG_ENABLE_MODULES = YES;
				CLANG_ENABLE_OBJC_ARC = YES;
				CLANG_WARN_BOOL_CONVERSION = YES;
				CLANG_WARN_CONSTANT_CONVERSION = YES;
				CLANG_WARN_DIRECT_OBJC_ISA_USAGE = YES_ERROR;
				CLANG_WARN_EMPTY_BODY = YES;
				CLANG_WARN_ENUM_CONVERSION = YES;
				CLANG_WARN_INT_CONVERSION = YES;
				CLANG_WARN_OBJC_ROOT_CLASS = YES_ERROR;
				CLANG_WARN_UNREACHABLE_CODE = YES;
				CLANG_WARN__DUPLICATE_METHOD_MATCH = YES;
				"CODE_SIGN_IDENTITY[sdk=iphoneos*]" = "iPhone Developer";
				COPY_PHASE_STRIP = NO;
				DEBUG_INFORMATION_FORMAT = dwarf;
				ENABLE_STRICT_OBJC_MSGSEND = YES;
				ENABLE_TESTABILITY = YES;
				GCC_C_LANGUAGE_STANDARD = gnu99;
				GCC_DYNAMIC_NO_PIC = NO;
				GCC_NO_COMMON_BLOCKS = YES;
				GCC_OPTIMIZATION_LEVEL = 0;
				GCC_PREPROCESSOR_DEFINITIONS = (
					"DEBUG=1",
					"$(inherited)",
				);
				GCC_WARN_64_TO_32_BIT_CONVERSION = YES;
				GCC_WARN_ABOUT_RETURN_TYPE = YES_ERROR;
				GCC_WARN_UNDECLARED_SELECTOR = YES;
				GCC_WARN_UNINITIALIZED_AUTOS = YES_AGGRESSIVE;
				GCC_WARN_UNUSED_FUNCTION = YES;
				GCC_WARN_UNUSED_VARIABLE = YES;
				IPHONEOS_DEPLOYMENT_TARGET = 8.0;
				MTL_ENABLE_DEBUG_INFO = YES;
				ONLY_ACTIVE_ARCH = YES;
				SDKROOT = iphoneos;
				SWIFT_OPTIMIZATION_LEVEL = "-Onone";
			};
			name = Debug;
		};
		6009E23B1D5117FC006424BD /* Release */ = {
			isa = XCBuildConfiguration;
			buildSettings = {
				ALWAYS_SEARCH_USER_PATHS = NO;
				CLANG_ANALYZER_NONNULL = YES;
				CLANG_CXX_LANGUAGE_STANDARD = "gnu++0x";
				CLANG_CXX_LIBRARY = "libc++";
				CLANG_ENABLE_MODULES = YES;
				CLANG_ENABLE_OBJC_ARC = YES;
				CLANG_WARN_BOOL_CONVERSION = YES;
				CLANG_WARN_CONSTANT_CONVERSION = YES;
				CLANG_WARN_DIRECT_OBJC_ISA_USAGE = YES_ERROR;
				CLANG_WARN_EMPTY_BODY = YES;
				CLANG_WARN_ENUM_CONVERSION = YES;
				CLANG_WARN_INT_CONVERSION = YES;
				CLANG_WARN_OBJC_ROOT_CLASS = YES_ERROR;
				CLANG_WARN_UNREACHABLE_CODE = YES;
				CLANG_WARN__DUPLICATE_METHOD_MATCH = YES;
				"CODE_SIGN_IDENTITY[sdk=iphoneos*]" = "iPhone Developer";
				COPY_PHASE_STRIP = NO;
				DEBUG_INFORMATION_FORMAT = "dwarf-with-dsym";
				ENABLE_NS_ASSERTIONS = NO;
				ENABLE_STRICT_OBJC_MSGSEND = YES;
				GCC_C_LANGUAGE_STANDARD = gnu99;
				GCC_NO_COMMON_BLOCKS = YES;
				GCC_WARN_64_TO_32_BIT_CONVERSION = YES;
				GCC_WARN_ABOUT_RETURN_TYPE = YES_ERROR;
				GCC_WARN_UNDECLARED_SELECTOR = YES;
				GCC_WARN_UNINITIALIZED_AUTOS = YES_AGGRESSIVE;
				GCC_WARN_UNUSED_FUNCTION = YES;
				GCC_WARN_UNUSED_VARIABLE = YES;
				IPHONEOS_DEPLOYMENT_TARGET = 8.0;
				MTL_ENABLE_DEBUG_INFO = NO;
				SDKROOT = iphoneos;
				VALIDATE_PRODUCT = YES;
			};
			name = Release;
		};
		6009E23D1D5117FC006424BD /* Debug */ = {
			isa = XCBuildConfiguration;
			buildSettings = {
				ASSETCATALOG_COMPILER_APPICON_NAME = AppIcon;
				ASSETCATALOG_COMPILER_LAUNCHIMAGE_NAME = "Brand Assets";
				EMBEDDED_CONTENT_CONTAINS_SWIFT = YES;
				INFOPLIST_FILE = "$(SRCROOT)/Example/Info.plist";
				LD_RUNPATH_SEARCH_PATHS = "$(inherited) @executable_path/Frameworks";
				PRODUCT_BUNDLE_IDENTIFIER = com.quentinmathe.DropDownMenuExample;
				PRODUCT_NAME = "$(TARGET_NAME)";
			};
			name = Debug;
		};
		6009E23E1D5117FC006424BD /* Release */ = {
			isa = XCBuildConfiguration;
			buildSettings = {
				ASSETCATALOG_COMPILER_APPICON_NAME = AppIcon;
				ASSETCATALOG_COMPILER_LAUNCHIMAGE_NAME = "Brand Assets";
				EMBEDDED_CONTENT_CONTAINS_SWIFT = YES;
				INFOPLIST_FILE = "$(SRCROOT)/Example/Info.plist";
				LD_RUNPATH_SEARCH_PATHS = "$(inherited) @executable_path/Frameworks";
				PRODUCT_BUNDLE_IDENTIFIER = com.quentinmathe.DropDownMenuExample;
				PRODUCT_NAME = "$(TARGET_NAME)";
			};
			name = Release;
		};
		600E8C8D1D5B759300AFD10E /* Debug */ = {
			isa = XCBuildConfiguration;
			buildSettings = {
				CURRENT_PROJECT_VERSION = 1;
				DEFINES_MODULE = YES;
				DYLIB_COMPATIBILITY_VERSION = 1;
				DYLIB_CURRENT_VERSION = 1;
				DYLIB_INSTALL_NAME_BASE = "@rpath";
				INFOPLIST_FILE = Info.plist;
				INSTALL_PATH = "$(LOCAL_LIBRARY_DIR)/Frameworks";
				LD_RUNPATH_SEARCH_PATHS = "$(inherited) @executable_path/Frameworks @loader_path/Frameworks";
				PRODUCT_BUNDLE_IDENTIFIER = com.quentinmathe.DropDownMenuKit;
				PRODUCT_NAME = "$(TARGET_NAME)";
				SKIP_INSTALL = YES;
				TARGETED_DEVICE_FAMILY = "1,2";
				VERSIONING_SYSTEM = "apple-generic";
				VERSION_INFO_PREFIX = "";
			};
			name = Debug;
		};
		600E8C8E1D5B759300AFD10E /* Release */ = {
			isa = XCBuildConfiguration;
			buildSettings = {
				CURRENT_PROJECT_VERSION = 1;
				DEFINES_MODULE = YES;
				DYLIB_COMPATIBILITY_VERSION = 1;
				DYLIB_CURRENT_VERSION = 1;
				DYLIB_INSTALL_NAME_BASE = "@rpath";
				INFOPLIST_FILE = Info.plist;
				INSTALL_PATH = "$(LOCAL_LIBRARY_DIR)/Frameworks";
				LD_RUNPATH_SEARCH_PATHS = "$(inherited) @executable_path/Frameworks @loader_path/Frameworks";
				PRODUCT_BUNDLE_IDENTIFIER = com.quentinmathe.DropDownMenuKit;
				PRODUCT_NAME = "$(TARGET_NAME)";
				SKIP_INSTALL = YES;
				TARGETED_DEVICE_FAMILY = "1,2";
				VERSIONING_SYSTEM = "apple-generic";
				VERSION_INFO_PREFIX = "";
			};
			name = Release;
		};
/* End XCBuildConfiguration section */

/* Begin XCConfigurationList section */
		6009E2251D5117FC006424BD /* Build configuration list for PBXProject "DropDownMenuKit" */ = {
			isa = XCConfigurationList;
			buildConfigurations = (
				6009E23A1D5117FC006424BD /* Debug */,
				6009E23B1D5117FC006424BD /* Release */,
			);
			defaultConfigurationIsVisible = 0;
			defaultConfigurationName = Release;
		};
		6009E23C1D5117FC006424BD /* Build configuration list for PBXNativeTarget "DropDownMenuExample" */ = {
			isa = XCConfigurationList;
			buildConfigurations = (
				6009E23D1D5117FC006424BD /* Debug */,
				6009E23E1D5117FC006424BD /* Release */,
			);
			defaultConfigurationIsVisible = 0;
			defaultConfigurationName = Release;
		};
		600E8C8C1D5B759300AFD10E /* Build configuration list for PBXNativeTarget "DropDownMenuKit" */ = {
			isa = XCConfigurationList;
			buildConfigurations = (
				600E8C8D1D5B759300AFD10E /* Debug */,
				600E8C8E1D5B759300AFD10E /* Release */,
			);
			defaultConfigurationIsVisible = 0;
			defaultConfigurationName = Release;
		};
/* End XCConfigurationList section */
	};
	rootObject = 6009E2221D5117FC006424BD /* Project object */;
}
