// !$*UTF8*$!
{
	archiveVersion = 1;
	classes = {
	};
	objectVersion = 46;
	objects = {

/* Begin PBXBuildFile section */
		6009E2421D511955006424BD /* DropDownMenu.swift in Sources */ = {isa = PBXBuildFile; fileRef = 6009E2401D511955006424BD /* DropDownMenu.swift */; };
		6009E2431D511955006424BD /* DropDownTitleView.swift in Sources */ = {isa = PBXBuildFile; fileRef = 6009E2411D511955006424BD /* DropDownTitleView.swift */; };
		6009E2461D5119BF006424BD /* AppDelegate.swift in Sources */ = {isa = PBXBuildFile; fileRef = 6009E2441D5119BF006424BD /* AppDelegate.swift */; };
		6009E2471D5119BF006424BD /* ViewController.swift in Sources */ = {isa = PBXBuildFile; fileRef = 6009E2451D5119BF006424BD /* ViewController.swift */; };
		6009E24E1D5119DF006424BD /* Assets.xcassets in Resources */ = {isa = PBXBuildFile; fileRef = 6009E2481D5119DF006424BD /* Assets.xcassets */; };
		6009E24F1D5119DF006424BD /* LaunchScreen.storyboard in Resources */ = {isa = PBXBuildFile; fileRef = 6009E2491D5119DF006424BD /* LaunchScreen.storyboard */; };
		6009E2501D5119DF006424BD /* Main.storyboard in Resources */ = {isa = PBXBuildFile; fileRef = 6009E24B1D5119DF006424BD /* Main.storyboard */; };
		6009E2531D5119F6006424BD /* Info.plist in Resources */ = {isa = PBXBuildFile; fileRef = 6009E2521D5119F6006424BD /* Info.plist */; };
/* End PBXBuildFile section */

/* Begin PBXFileReference section */
		6009E22A1D5117FC006424BD /* DropDownMenu.app */ = {isa = PBXFileReference; explicitFileType = wrapper.application; includeInIndex = 0; path = DropDownMenu.app; sourceTree = BUILT_PRODUCTS_DIR; };
		6009E2401D511955006424BD /* DropDownMenu.swift */ = {isa = PBXFileReference; fileEncoding = 4; lastKnownFileType = sourcecode.swift; path = DropDownMenu.swift; sourceTree = SOURCE_ROOT; };
		6009E2411D511955006424BD /* DropDownTitleView.swift */ = {isa = PBXFileReference; fileEncoding = 4; lastKnownFileType = sourcecode.swift; path = DropDownTitleView.swift; sourceTree = SOURCE_ROOT; };
		6009E2441D5119BF006424BD /* AppDelegate.swift */ = {isa = PBXFileReference; fileEncoding = 4; lastKnownFileType = sourcecode.swift; name = AppDelegate.swift; path = Example/AppDelegate.swift; sourceTree = SOURCE_ROOT; };
		6009E2451D5119BF006424BD /* ViewController.swift */ = {isa = PBXFileReference; fileEncoding = 4; lastKnownFileType = sourcecode.swift; name = ViewController.swift; path = Example/ViewController.swift; sourceTree = SOURCE_ROOT; };
		6009E2481D5119DF006424BD /* Assets.xcassets */ = {isa = PBXFileReference; lastKnownFileType = folder.assetcatalog; name = Assets.xcassets; path = Example/Assets.xcassets; sourceTree = SOURCE_ROOT; };
		6009E24A1D5119DF006424BD /* Base */ = {isa = PBXFileReference; lastKnownFileType = file.storyboard; name = Base; path = Example/Base.lproj/LaunchScreen.storyboard; sourceTree = SOURCE_ROOT; };
		6009E24C1D5119DF006424BD /* Base */ = {isa = PBXFileReference; lastKnownFileType = file.storyboard; name = Base; path = Example/Base.lproj/Main.storyboard; sourceTree = SOURCE_ROOT; };
		6009E2521D5119F6006424BD /* Info.plist */ = {isa = PBXFileReference; fileEncoding = 4; lastKnownFileType = text.plist.xml; name = Info.plist; path = Example/Info.plist; sourceTree = SOURCE_ROOT; };
/* End PBXFileReference section */

/* Begin PBXFrameworksBuildPhase section */
		6009E2271D5117FC006424BD /* Frameworks */ = {
			isa = PBXFrameworksBuildPhase;
			buildActionMask = 2147483647;
			files = (
			);
			runOnlyForDeploymentPostprocessing = 0;
		};
/* End PBXFrameworksBuildPhase section */

/* Begin PBXGroup section */
		6009E2211D5117FC006424BD = {
			isa = PBXGroup;
			children = (
				6009E22C1D5117FC006424BD /* DropDownMenu */,
				6009E23F1D511939006424BD /* Example */,
				6009E22B1D5117FC006424BD /* Products */,
			);
			sourceTree = "<group>";
		};
		6009E22B1D5117FC006424BD /* Products */ = {
			isa = PBXGroup;
			children = (
				6009E22A1D5117FC006424BD /* DropDownMenu.app */,
			);
			name = Products;
			sourceTree = "<group>";
		};
		6009E22C1D5117FC006424BD /* DropDownMenu */ = {
			isa = PBXGroup;
			children = (
				6009E2401D511955006424BD /* DropDownMenu.swift */,
				6009E2411D511955006424BD /* DropDownTitleView.swift */,
			);
			name = DropDownMenu;
			sourceTree = "<group>";
		};
		6009E23F1D511939006424BD /* Example */ = {
			isa = PBXGroup;
			children = (
				6009E2441D5119BF006424BD /* AppDelegate.swift */,
				6009E2451D5119BF006424BD /* ViewController.swift */,
				6009E2481D5119DF006424BD /* Assets.xcassets */,
				6009E2491D5119DF006424BD /* LaunchScreen.storyboard */,
				6009E24B1D5119DF006424BD /* Main.storyboard */,
				6009E2521D5119F6006424BD /* Info.plist */,
			);
			path = Example;
			sourceTree = "<group>";
		};
/* End PBXGroup section */

/* Begin PBXNativeTarget section */
		6009E2291D5117FC006424BD /* DropDownMenu */ = {
			isa = PBXNativeTarget;
			buildConfigurationList = 6009E23C1D5117FC006424BD /* Build configuration list for PBXNativeTarget "DropDownMenu" */;
			buildPhases = (
				6009E2261D5117FC006424BD /* Sources */,
				6009E2271D5117FC006424BD /* Frameworks */,
				6009E2281D5117FC006424BD /* Resources */,
			);
			buildRules = (
			);
			dependencies = (
			);
			name = DropDownMenu;
			productName = DropDownMenu;
			productReference = 6009E22A1D5117FC006424BD /* DropDownMenu.app */;
			productType = "com.apple.product-type.application";
		};
/* End PBXNativeTarget section */

/* Begin PBXProject section */
		6009E2221D5117FC006424BD /* Project object */ = {
			isa = PBXProject;
			attributes = {
				LastSwiftUpdateCheck = 0730;
				LastUpgradeCheck = 0730;
				ORGANIZATIONNAME = "Quentin Mathé";
				TargetAttributes = {
					6009E2291D5117FC006424BD = {
						CreatedOnToolsVersion = 7.3;
					};
				};
			};
			buildConfigurationList = 6009E2251D5117FC006424BD /* Build configuration list for PBXProject "DropDownMenu" */;
			compatibilityVersion = "Xcode 3.2";
			developmentRegion = English;
			hasScannedForEncodings = 0;
			knownRegions = (
				en,
				Base,
			);
			mainGroup = 6009E2211D5117FC006424BD;
			productRefGroup = 6009E22B1D5117FC006424BD /* Products */;
			projectDirPath = "";
			projectRoot = "";
			targets = (
				6009E2291D5117FC006424BD /* DropDownMenu */,
			);
		};
/* End PBXProject section */

/* Begin PBXResourcesBuildPhase section */
		6009E2281D5117FC006424BD /* Resources */ = {
			isa = PBXResourcesBuildPhase;
			buildActionMask = 2147483647;
			files = (
				6009E2531D5119F6006424BD /* Info.plist in Resources */,
				6009E2501D5119DF006424BD /* Main.storyboard in Resources */,
				6009E24E1D5119DF006424BD /* Assets.xcassets in Resources */,
				6009E24F1D5119DF006424BD /* LaunchScreen.storyboard in Resources */,
			);
			runOnlyForDeploymentPostprocessing = 0;
		};
/* End PBXResourcesBuildPhase section */

/* Begin PBXSourcesBuildPhase section */
		6009E2261D5117FC006424BD /* Sources */ = {
			isa = PBXSourcesBuildPhase;
			buildActionMask = 2147483647;
			files = (
				6009E2461D5119BF006424BD /* AppDelegate.swift in Sources */,
				6009E2431D511955006424BD /* DropDownTitleView.swift in Sources */,
				6009E2471D5119BF006424BD /* ViewController.swift in Sources */,
				6009E2421D511955006424BD /* DropDownMenu.swift in Sources */,
			);
			runOnlyForDeploymentPostprocessing = 0;
		};
/* End PBXSourcesBuildPhase section */

/* Begin PBXVariantGroup section */
		6009E2491D5119DF006424BD /* LaunchScreen.storyboard */ = {
			isa = PBXVariantGroup;
			children = (
				6009E24A1D5119DF006424BD /* Base */,
			);
			name = LaunchScreen.storyboard;
			sourceTree = "<group>";
		};
		6009E24B1D5119DF006424BD /* Main.storyboard */ = {
			isa = PBXVariantGroup;
			children = (
				6009E24C1D5119DF006424BD /* Base */,
			);
			name = Main.storyboard;
			sourceTree = "<group>";
		};
/* End PBXVariantGroup section */

/* Begin XCBuildConfiguration section */
		6009E23A1D5117FC006424BD /* Debug */ = {
			isa = XCBuildConfiguration;
			buildSettings = {
				ALWAYS_SEARCH_USER_PATHS = NO;
				CLANG_ANALYZER_NONNULL = YES;
				CLANG_CXX_LANGUAGE_STANDARD = "gnu++0x";
				CLANG_CXX_LIBRARY = "libc++";
				CLANG_ENABLE_MODULES = YES;
				CLANG_ENABLE_OBJC_ARC = YES;
				CLANG_WARN_BOOL_CONVERSION = YES;
				CLANG_WARN_CONSTANT_CONVERSION = YES;
				CLANG_WARN_DIRECT_OBJC_ISA_USAGE = YES_ERROR;
				CLANG_WARN_EMPTY_BODY = YES;
				CLANG_WARN_ENUM_CONVERSION = YES;
				CLANG_WARN_INT_CONVERSION = YES;
				CLANG_WARN_OBJC_ROOT_CLASS = YES_ERROR;
				CLANG_WARN_UNREACHABLE_CODE = YES;
				CLANG_WARN__DUPLICATE_METHOD_MATCH = YES;
				"CODE_SIGN_IDENTITY[sdk=iphoneos*]" = "iPhone Developer";
				COPY_PHASE_STRIP = NO;
				DEBUG_INFORMATION_FORMAT = dwarf;
				ENABLE_STRICT_OBJC_MSGSEND = YES;
				ENABLE_TESTABILITY = YES;
				GCC_C_LANGUAGE_STANDARD = gnu99;
				GCC_DYNAMIC_NO_PIC = NO;
				GCC_NO_COMMON_BLOCKS = YES;
				GCC_OPTIMIZATION_LEVEL = 0;
				GCC_PREPROCESSOR_DEFINITIONS = (
					"DEBUG=1",
					"$(inherited)",
				);
				GCC_WARN_64_TO_32_BIT_CONVERSION = YES;
				GCC_WARN_ABOUT_RETURN_TYPE = YES_ERROR;
				GCC_WARN_UNDECLARED_SELECTOR = YES;
				GCC_WARN_UNINITIALIZED_AUTOS = YES_AGGRESSIVE;
				GCC_WARN_UNUSED_FUNCTION = YES;
				GCC_WARN_UNUSED_VARIABLE = YES;
				IPHONEOS_DEPLOYMENT_TARGET = 9.3;
				MTL_ENABLE_DEBUG_INFO = YES;
				ONLY_ACTIVE_ARCH = YES;
				SDKROOT = iphoneos;
				SWIFT_OPTIMIZATION_LEVEL = "-Onone";
			};
			name = Debug;
		};
		6009E23B1D5117FC006424BD /* Release */ = {
			isa = XCBuildConfiguration;
			buildSettings = {
				ALWAYS_SEARCH_USER_PATHS = NO;
				CLANG_ANALYZER_NONNULL = YES;
				CLANG_CXX_LANGUAGE_STANDARD = "gnu++0x";
				CLANG_CXX_LIBRARY = "libc++";
				CLANG_ENABLE_MODULES = YES;
				CLANG_ENABLE_OBJC_ARC = YES;
				CLANG_WARN_BOOL_CONVERSION = YES;
				CLANG_WARN_CONSTANT_CONVERSION = YES;
				CLANG_WARN_DIRECT_OBJC_ISA_USAGE = YES_ERROR;
				CLANG_WARN_EMPTY_BODY = YES;
				CLANG_WARN_ENUM_CONVERSION = YES;
				CLANG_WARN_INT_CONVERSION = YES;
				CLANG_WARN_OBJC_ROOT_CLASS = YES_ERROR;
				CLANG_WARN_UNREACHABLE_CODE = YES;
				CLANG_WARN__DUPLICATE_METHOD_MATCH = YES;
				"CODE_SIGN_IDENTITY[sdk=iphoneos*]" = "iPhone Developer";
				COPY_PHASE_STRIP = NO;
				DEBUG_INFORMATION_FORMAT = "dwarf-with-dsym";
				ENABLE_NS_ASSERTIONS = NO;
				ENABLE_STRICT_OBJC_MSGSEND = YES;
				GCC_C_LANGUAGE_STANDARD = gnu99;
				GCC_NO_COMMON_BLOCKS = YES;
				GCC_WARN_64_TO_32_BIT_CONVERSION = YES;
				GCC_WARN_ABOUT_RETURN_TYPE = YES_ERROR;
				GCC_WARN_UNDECLARED_SELECTOR = YES;
				GCC_WARN_UNINITIALIZED_AUTOS = YES_AGGRESSIVE;
				GCC_WARN_UNUSED_FUNCTION = YES;
				GCC_WARN_UNUSED_VARIABLE = YES;
				IPHONEOS_DEPLOYMENT_TARGET = 9.3;
				MTL_ENABLE_DEBUG_INFO = NO;
				SDKROOT = iphoneos;
				VALIDATE_PRODUCT = YES;
			};
			name = Release;
		};
		6009E23D1D5117FC006424BD /* Debug */ = {
			isa = XCBuildConfiguration;
			buildSettings = {
				ASSETCATALOG_COMPILER_APPICON_NAME = AppIcon;
				INFOPLIST_FILE = "$(SRCROOT)/Example/Info.plist";
				IPHONEOS_DEPLOYMENT_TARGET = 7.0;
				LD_RUNPATH_SEARCH_PATHS = "$(inherited) @executable_path/Frameworks";
				PRODUCT_BUNDLE_IDENTIFIER = com.quentinmathe.DropDownMenu;
				PRODUCT_NAME = "$(TARGET_NAME)";
			};
			name = Debug;
		};
		6009E23E1D5117FC006424BD /* Release */ = {
			isa = XCBuildConfiguration;
			buildSettings = {
				ASSETCATALOG_COMPILER_APPICON_NAME = AppIcon;
				INFOPLIST_FILE = "$(SRCROOT)/Example/Info.plist";
				IPHONEOS_DEPLOYMENT_TARGET = 7.0;
				LD_RUNPATH_SEARCH_PATHS = "$(inherited) @executable_path/Frameworks";
				PRODUCT_BUNDLE_IDENTIFIER = com.quentinmathe.DropDownMenu;
				PRODUCT_NAME = "$(TARGET_NAME)";
			};
			name = Release;
		};
/* End XCBuildConfiguration section */

/* Begin XCConfigurationList section */
		6009E2251D5117FC006424BD /* Build configuration list for PBXProject "DropDownMenu" */ = {
			isa = XCConfigurationList;
			buildConfigurations = (
				6009E23A1D5117FC006424BD /* Debug */,
				6009E23B1D5117FC006424BD /* Release */,
			);
			defaultConfigurationIsVisible = 0;
			defaultConfigurationName = Release;
		};
		6009E23C1D5117FC006424BD /* Build configuration list for PBXNativeTarget "DropDownMenu" */ = {
			isa = XCConfigurationList;
			buildConfigurations = (
				6009E23D1D5117FC006424BD /* Debug */,
				6009E23E1D5117FC006424BD /* Release */,
			);
			defaultConfigurationIsVisible = 0;
			defaultConfigurationName = Release;
		};
/* End XCConfigurationList section */
	};
	rootObject = 6009E2221D5117FC006424BD /* Project object */;
}
